
Microsoft Visual Studio Solution File, Format Version 12.00
# Visual Studio Version 16
VisualStudioVersion = 16.0.31129.286
MinimumVisualStudioVersion = 10.0.40219.1
Project("{FAE04EC0-301F-11D3-BF4B-00C04F79EFBC}") = "TypeAndVariables", "TypeAndVariables\TypeAndVariables.csproj", "{912B718C-44C6-4637-9EBC-C180C19B8387}"
EndProject
Project("{FAE04EC0-301F-11D3-BF4B-00C04F79EFBC}") = "Conditionals", "Conditionals\Conditionals.csproj", "{E74E6830-6EE5-406B-B1F8-226C7EA74B3F}"
EndProject
Global
	GlobalSection(SolutionConfigurationPlatforms) = preSolution
		Debug|Any CPU = Debug|Any CPU
		Release|Any CPU = Release|Any CPU
	EndGlobalSection
	GlobalSection(ProjectConfigurationPlatforms) = postSolution
		{912B718C-44C6-4637-9EBC-C180C19B8387}.Debug|Any CPU.ActiveCfg = Debug|Any CPU
		{912B718C-44C6-4637-9EBC-C180C19B8387}.Debug|Any CPU.Build.0 = Debug|Any CPU
		{912B718C-44C6-4637-9EBC-C180C19B8387}.Release|Any CPU.ActiveCfg = Release|Any CPU
		{912B718C-44C6-4637-9EBC-C180C19B8387}.Release|Any CPU.Build.0 = Release|Any CPU
		{E74E6830-6EE5-406B-B1F8-226C7EA74B3F}.Debug|Any CPU.ActiveCfg = Debug|Any CPU
		{E74E6830-6EE5-406B-B1F8-226C7EA74B3F}.Debug|Any CPU.Build.0 = Debug|Any CPU
		{E74E6830-6EE5-406B-B1F8-226C7EA74B3F}.Release|Any CPU.ActiveCfg = Release|Any CPU
		{E74E6830-6EE5-406B-B1F8-226C7EA74B3F}.Release|Any CPU.Build.0 = Release|Any CPU
	EndGlobalSection
	GlobalSection(SolutionProperties) = preSolution
		HideSolutionNode = FALSE
	EndGlobalSection
	GlobalSection(ExtensibilityGlobals) = postSolution
		SolutionGuid = {BE75971D-A3EE-433F-A5C3-B342BC1ADBAF}
	EndGlobalSection
EndGlobal
