
Microsoft Visual Studio Solution File, Format Version 12.00
# Visual Studio Version 16
VisualStudioVersion = 16.0.31129.286
MinimumVisualStudioVersion = 10.0.40219.1
Project("{FAE04EC0-301F-11D3-BF4B-00C04F79EFBC}") = "TypeAndVariables", "TypeAndVariables\TypeAndVariables.csproj", "{912B718C-44C6-4637-9EBC-C180C19B8387}"
EndProject
Project("{FAE04EC0-301F-11D3-BF4B-00C04F79EFBC}") = "Conditionals", "Conditionals\Conditionals.csproj", "{E74E6830-6EE5-406B-B1F8-226C7EA74B3F}"
EndProject
Project("{FAE04EC0-301F-11D3-BF4B-00C04F79EFBC}") = "Methods", "Methods\Methods.csproj", "{A1B47A6B-BFC3-4386-8995-992EEF6B39F4}"
EndProject
Project("{FAE04EC0-301F-11D3-BF4B-00C04F79EFBC}") = "Arrays", "Arrays\Arrays.csproj", "{6E58713C-9840-41C2-AF50-99403C94F09A}"
EndProject
Project("{FAE04EC0-301F-11D3-BF4B-00C04F79EFBC}") = "Loops", "Loops\Loops.csproj", "{5E967A46-FFC3-46C4-9C1F-49AD3147003D}"
EndProject
Project("{FAE04EC0-301F-11D3-BF4B-00C04F79EFBC}") = "Classes", "Classes\Classes.csproj", "{98618D22-00B3-4A3B-A138-13B271A06C05}"
EndProject
Project("{FAE04EC0-301F-11D3-BF4B-00C04F79EFBC}") = "Interfaces", "Interfaces\Interfaces.csproj", "{EA3C790F-472A-4F7A-A492-C1360D88A6C1}"
EndProject
Project("{FAE04EC0-301F-11D3-BF4B-00C04F79EFBC}") = "InterfacesDemo", "InterfacesDemo\InterfacesDemo.csproj", "{D8A776A9-F6D0-46DE-99E2-12F7CE81B4E4}"
EndProject
Project("{FAE04EC0-301F-11D3-BF4B-00C04F79EFBC}") = "Inheritance", "Inheritance\Inheritance.csproj", "{BC785E69-6501-41A2-A6FF-7AA5C17E12B5}"
EndProject
Project("{FAE04EC0-301F-11D3-BF4B-00C04F79EFBC}") = "VirtualMethods", "VirtualMethods\VirtualMethods.csproj", "{46E2EED7-7FE2-4457-81A5-3EC74FCD1518}"
EndProject
Project("{FAE04EC0-301F-11D3-BF4B-00C04F79EFBC}") = "AbstractClasses", "AbstractClasses\AbstractClasses.csproj", "{4E83D1E1-BD3C-4993-8A6C-6CD4D8F6EC37}"
EndProject
Global
	GlobalSection(SolutionConfigurationPlatforms) = preSolution
		Debug|Any CPU = Debug|Any CPU
		Release|Any CPU = Release|Any CPU
	EndGlobalSection
	GlobalSection(ProjectConfigurationPlatforms) = postSolution
		{912B718C-44C6-4637-9EBC-C180C19B8387}.Debug|Any CPU.ActiveCfg = Debug|Any CPU
		{912B718C-44C6-4637-9EBC-C180C19B8387}.Debug|Any CPU.Build.0 = Debug|Any CPU
		{912B718C-44C6-4637-9EBC-C180C19B8387}.Release|Any CPU.ActiveCfg = Release|Any CPU
		{912B718C-44C6-4637-9EBC-C180C19B8387}.Release|Any CPU.Build.0 = Release|Any CPU
		{E74E6830-6EE5-406B-B1F8-226C7EA74B3F}.Debug|Any CPU.ActiveCfg = Debug|Any CPU
		{E74E6830-6EE5-406B-B1F8-226C7EA74B3F}.Debug|Any CPU.Build.0 = Debug|Any CPU
		{E74E6830-6EE5-406B-B1F8-226C7EA74B3F}.Release|Any CPU.ActiveCfg = Release|Any CPU
		{E74E6830-6EE5-406B-B1F8-226C7EA74B3F}.Release|Any CPU.Build.0 = Release|Any CPU
		{A1B47A6B-BFC3-4386-8995-992EEF6B39F4}.Debug|Any CPU.ActiveCfg = Debug|Any CPU
		{A1B47A6B-BFC3-4386-8995-992EEF6B39F4}.Debug|Any CPU.Build.0 = Debug|Any CPU
		{A1B47A6B-BFC3-4386-8995-992EEF6B39F4}.Release|Any CPU.ActiveCfg = Release|Any CPU
		{A1B47A6B-BFC3-4386-8995-992EEF6B39F4}.Release|Any CPU.Build.0 = Release|Any CPU
		{6E58713C-9840-41C2-AF50-99403C94F09A}.Debug|Any CPU.ActiveCfg = Debug|Any CPU
		{6E58713C-9840-41C2-AF50-99403C94F09A}.Debug|Any CPU.Build.0 = Debug|Any CPU
		{6E58713C-9840-41C2-AF50-99403C94F09A}.Release|Any CPU.ActiveCfg = Release|Any CPU
		{6E58713C-9840-41C2-AF50-99403C94F09A}.Release|Any CPU.Build.0 = Release|Any CPU
		{5E967A46-FFC3-46C4-9C1F-49AD3147003D}.Debug|Any CPU.ActiveCfg = Debug|Any CPU
		{5E967A46-FFC3-46C4-9C1F-49AD3147003D}.Debug|Any CPU.Build.0 = Debug|Any CPU
		{5E967A46-FFC3-46C4-9C1F-49AD3147003D}.Release|Any CPU.ActiveCfg = Release|Any CPU
		{5E967A46-FFC3-46C4-9C1F-49AD3147003D}.Release|Any CPU.Build.0 = Release|Any CPU
		{98618D22-00B3-4A3B-A138-13B271A06C05}.Debug|Any CPU.ActiveCfg = Debug|Any CPU
		{98618D22-00B3-4A3B-A138-13B271A06C05}.Debug|Any CPU.Build.0 = Debug|Any CPU
		{98618D22-00B3-4A3B-A138-13B271A06C05}.Release|Any CPU.ActiveCfg = Release|Any CPU
		{98618D22-00B3-4A3B-A138-13B271A06C05}.Release|Any CPU.Build.0 = Release|Any CPU
		{EA3C790F-472A-4F7A-A492-C1360D88A6C1}.Debug|Any CPU.ActiveCfg = Debug|Any CPU
		{EA3C790F-472A-4F7A-A492-C1360D88A6C1}.Debug|Any CPU.Build.0 = Debug|Any CPU
		{EA3C790F-472A-4F7A-A492-C1360D88A6C1}.Release|Any CPU.ActiveCfg = Release|Any CPU
		{EA3C790F-472A-4F7A-A492-C1360D88A6C1}.Release|Any CPU.Build.0 = Release|Any CPU
		{D8A776A9-F6D0-46DE-99E2-12F7CE81B4E4}.Debug|Any CPU.ActiveCfg = Debug|Any CPU
		{D8A776A9-F6D0-46DE-99E2-12F7CE81B4E4}.Debug|Any CPU.Build.0 = Debug|Any CPU
		{D8A776A9-F6D0-46DE-99E2-12F7CE81B4E4}.Release|Any CPU.ActiveCfg = Release|Any CPU
		{D8A776A9-F6D0-46DE-99E2-12F7CE81B4E4}.Release|Any CPU.Build.0 = Release|Any CPU
		{BC785E69-6501-41A2-A6FF-7AA5C17E12B5}.Debug|Any CPU.ActiveCfg = Debug|Any CPU
		{BC785E69-6501-41A2-A6FF-7AA5C17E12B5}.Debug|Any CPU.Build.0 = Debug|Any CPU
		{BC785E69-6501-41A2-A6FF-7AA5C17E12B5}.Release|Any CPU.ActiveCfg = Release|Any CPU
		{BC785E69-6501-41A2-A6FF-7AA5C17E12B5}.Release|Any CPU.Build.0 = Release|Any CPU
		{46E2EED7-7FE2-4457-81A5-3EC74FCD1518}.Debug|Any CPU.ActiveCfg = Debug|Any CPU
		{46E2EED7-7FE2-4457-81A5-3EC74FCD1518}.Debug|Any CPU.Build.0 = Debug|Any CPU
		{46E2EED7-7FE2-4457-81A5-3EC74FCD1518}.Release|Any CPU.ActiveCfg = Release|Any CPU
		{46E2EED7-7FE2-4457-81A5-3EC74FCD1518}.Release|Any CPU.Build.0 = Release|Any CPU
		{4E83D1E1-BD3C-4993-8A6C-6CD4D8F6EC37}.Debug|Any CPU.ActiveCfg = Debug|Any CPU
		{4E83D1E1-BD3C-4993-8A6C-6CD4D8F6EC37}.Debug|Any CPU.Build.0 = Debug|Any CPU
		{4E83D1E1-BD3C-4993-8A6C-6CD4D8F6EC37}.Release|Any CPU.ActiveCfg = Release|Any CPU
		{4E83D1E1-BD3C-4993-8A6C-6CD4D8F6EC37}.Release|Any CPU.Build.0 = Release|Any CPU
	EndGlobalSection
	GlobalSection(SolutionProperties) = preSolution
		HideSolutionNode = FALSE
	EndGlobalSection
	GlobalSection(ExtensibilityGlobals) = postSolution
		SolutionGuid = {BE75971D-A3EE-433F-A5C3-B342BC1ADBAF}
	EndGlobalSection
EndGlobal
